
Microsoft Visual Studio Solution File, Format Version 12.00
# Visual Studio Version 16
VisualStudioVersion = 16.0.31019.35
MinimumVisualStudioVersion = 10.0.40219.1
Project("{8BC9CEB8-8B4A-11D0-8D11-00A0C91BC942}") = "Final With header", "Final With header\Final With header.vcxproj", "{20F9ACF8-BC42-480E-8AA3-C8A44E81CDE9}"
EndProject
Global
	GlobalSection(SolutionConfigurationPlatforms) = preSolution
		Debug|x64 = Debug|x64
		Debug|x86 = Debug|x86
		Release|x64 = Release|x64
		Release|x86 = Release|x86
	EndGlobalSection
	GlobalSection(ProjectConfigurationPlatforms) = postSolution
		{20F9ACF8-BC42-480E-8AA3-C8A44E81CDE9}.Debug|x64.ActiveCfg = Debug|x64
		{20F9ACF8-BC42-480E-8AA3-C8A44E81CDE9}.Debug|x64.Build.0 = Debug|x64
		{20F9ACF8-BC42-480E-8AA3-C8A44E81CDE9}.Debug|x86.ActiveCfg = Debug|Win32
		{20F9ACF8-BC42-480E-8AA3-C8A44E81CDE9}.Debug|x86.Build.0 = Debug|Win32
		{20F9ACF8-BC42-480E-8AA3-C8A44E81CDE9}.Release|x64.ActiveCfg = Release|x64
		{20F9ACF8-BC42-480E-8AA3-C8A44E81CDE9}.Release|x64.Build.0 = Release|x64
		{20F9ACF8-BC42-480E-8AA3-C8A44E81CDE9}.Release|x86.ActiveCfg = Release|Win32
		{20F9ACF8-BC42-480E-8AA3-C8A44E81CDE9}.Release|x86.Build.0 = Release|Win32
	EndGlobalSection
	GlobalSection(SolutionProperties) = preSolution
		HideSolutionNode = FALSE
	EndGlobalSection
	GlobalSection(ExtensibilityGlobals) = postSolution
		SolutionGuid = {70467866-10FF-4239-B45C-E1B61E3FDA16}
	EndGlobalSection
EndGlobal
